// !$*UTF8*$!
{
	archiveVersion = 1;
	classes = {
	};
	objectVersion = 48;
	objects = {

/* Begin PBXBuildFile section */
		180A94E01F97AA8600AB0D07 /* AppDelegate.swift in Sources */ = {isa = PBXBuildFile; fileRef = 180A94DF1F97AA8600AB0D07 /* AppDelegate.swift */; };
		180A94E21F97AA8600AB0D07 /* ViewController.swift in Sources */ = {isa = PBXBuildFile; fileRef = 180A94E11F97AA8600AB0D07 /* ViewController.swift */; };
		180A94E51F97AA8600AB0D07 /* Main.storyboard in Resources */ = {isa = PBXBuildFile; fileRef = 180A94E31F97AA8600AB0D07 /* Main.storyboard */; };
		180A94E71F97AA8600AB0D07 /* Assets.xcassets in Resources */ = {isa = PBXBuildFile; fileRef = 180A94E61F97AA8600AB0D07 /* Assets.xcassets */; };
		180A94EA1F97AA8600AB0D07 /* LaunchScreen.storyboard in Resources */ = {isa = PBXBuildFile; fileRef = 180A94E81F97AA8600AB0D07 /* LaunchScreen.storyboard */; };
		180A94F51F97AA8600AB0D07 /* ExampleTests.swift in Sources */ = {isa = PBXBuildFile; fileRef = 180A94F41F97AA8600AB0D07 /* ExampleTests.swift */; };
		180A95001F97AA8600AB0D07 /* ExampleUITests.swift in Sources */ = {isa = PBXBuildFile; fileRef = 180A94FF1F97AA8600AB0D07 /* ExampleUITests.swift */; };
		18DFC5F11FAE3CAD005B7FC6 /* LICENSE in Resources */ = {isa = PBXBuildFile; fileRef = 18DFC5EE1FAE3CAD005B7FC6 /* LICENSE */; };
		18DFC5F21FAE3CAD005B7FC6 /* README.md in Resources */ = {isa = PBXBuildFile; fileRef = 18DFC5EF1FAE3CAD005B7FC6 /* README.md */; };
		18DFC5F31FAE3CAD005B7FC6 /* UuusKit.podspec in Resources */ = {isa = PBXBuildFile; fileRef = 18DFC5F01FAE3CAD005B7FC6 /* UuusKit.podspec */; };
		32A1E9893B8D669AC4B60990 /* Pods_Example.framework in Frameworks */ = {isa = PBXBuildFile; fileRef = 523856E8203596A48DE22505 /* Pods_Example.framework */; };
		A4785D96213369C13B270DF0 /* Pods_ExampleTests.framework in Frameworks */ = {isa = PBXBuildFile; fileRef = 6436242D4B7CFEEF4CF78FC2 /* Pods_ExampleTests.framework */; };
		D71937438BD165E510F2269C /* Pods_ExampleUITests.framework in Frameworks */ = {isa = PBXBuildFile; fileRef = 104A5EF5291800CBCD2BE9C7 /* Pods_ExampleUITests.framework */; };
/* End PBXBuildFile section */

/* Begin PBXContainerItemProxy section */
		180A94F11F97AA8600AB0D07 /* PBXContainerItemProxy */ = {
			isa = PBXContainerItemProxy;
			containerPortal = 180A94D41F97AA8600AB0D07 /* Project object */;
			proxyType = 1;
			remoteGlobalIDString = 180A94DB1F97AA8600AB0D07;
			remoteInfo = Example;
		};
		180A94FC1F97AA8600AB0D07 /* PBXContainerItemProxy */ = {
			isa = PBXContainerItemProxy;
			containerPortal = 180A94D41F97AA8600AB0D07 /* Project object */;
			proxyType = 1;
			remoteGlobalIDString = 180A94DB1F97AA8600AB0D07;
			remoteInfo = Example;
		};
/* End PBXContainerItemProxy section */

/* Begin PBXFileReference section */
		104A5EF5291800CBCD2BE9C7 /* Pods_ExampleUITests.framework */ = {isa = PBXFileReference; explicitFileType = wrapper.framework; includeInIndex = 0; path = Pods_ExampleUITests.framework; sourceTree = BUILT_PRODUCTS_DIR; };
		180A94DC1F97AA8600AB0D07 /* Example.app */ = {isa = PBXFileReference; explicitFileType = wrapper.application; includeInIndex = 0; path = Example.app; sourceTree = BUILT_PRODUCTS_DIR; };
		180A94DF1F97AA8600AB0D07 /* AppDelegate.swift */ = {isa = PBXFileReference; lastKnownFileType = sourcecode.swift; path = AppDelegate.swift; sourceTree = "<group>"; };
		180A94E11F97AA8600AB0D07 /* ViewController.swift */ = {isa = PBXFileReference; lastKnownFileType = sourcecode.swift; path = ViewController.swift; sourceTree = "<group>"; };
		180A94E41F97AA8600AB0D07 /* Base */ = {isa = PBXFileReference; lastKnownFileType = file.storyboard; name = Base; path = Base.lproj/Main.storyboard; sourceTree = "<group>"; };
		180A94E61F97AA8600AB0D07 /* Assets.xcassets */ = {isa = PBXFileReference; lastKnownFileType = folder.assetcatalog; path = Assets.xcassets; sourceTree = "<group>"; };
		180A94E91F97AA8600AB0D07 /* Base */ = {isa = PBXFileReference; lastKnownFileType = file.storyboard; name = Base; path = Base.lproj/LaunchScreen.storyboard; sourceTree = "<group>"; };
		180A94EB1F97AA8600AB0D07 /* Info.plist */ = {isa = PBXFileReference; lastKnownFileType = text.plist.xml; path = Info.plist; sourceTree = "<group>"; };
		180A94F01F97AA8600AB0D07 /* ExampleTests.xctest */ = {isa = PBXFileReference; explicitFileType = wrapper.cfbundle; includeInIndex = 0; path = ExampleTests.xctest; sourceTree = BUILT_PRODUCTS_DIR; };
		180A94F41F97AA8600AB0D07 /* ExampleTests.swift */ = {isa = PBXFileReference; lastKnownFileType = sourcecode.swift; path = ExampleTests.swift; sourceTree = "<group>"; };
		180A94F61F97AA8600AB0D07 /* Info.plist */ = {isa = PBXFileReference; lastKnownFileType = text.plist.xml; path = Info.plist; sourceTree = "<group>"; };
		180A94FB1F97AA8600AB0D07 /* ExampleUITests.xctest */ = {isa = PBXFileReference; explicitFileType = wrapper.cfbundle; includeInIndex = 0; path = ExampleUITests.xctest; sourceTree = BUILT_PRODUCTS_DIR; };
		180A94FF1F97AA8600AB0D07 /* ExampleUITests.swift */ = {isa = PBXFileReference; lastKnownFileType = sourcecode.swift; path = ExampleUITests.swift; sourceTree = "<group>"; };
		180A95011F97AA8600AB0D07 /* Info.plist */ = {isa = PBXFileReference; lastKnownFileType = text.plist.xml; path = Info.plist; sourceTree = "<group>"; };
		180A950D1F97AC5200AB0D07 /* zh-Hans */ = {isa = PBXFileReference; lastKnownFileType = text.plist.strings; name = "zh-Hans"; path = "zh-Hans.lproj/LaunchScreen.strings"; sourceTree = "<group>"; };
		180A950E1F97AC5200AB0D07 /* zh-Hans */ = {isa = PBXFileReference; lastKnownFileType = text.plist.strings; name = "zh-Hans"; path = "zh-Hans.lproj/Main.strings"; sourceTree = "<group>"; };
		180A950F1F97AC5800AB0D07 /* zh-Hant */ = {isa = PBXFileReference; lastKnownFileType = text.plist.strings; name = "zh-Hant"; path = "zh-Hant.lproj/LaunchScreen.strings"; sourceTree = "<group>"; };
		180A95101F97AC5800AB0D07 /* zh-Hant */ = {isa = PBXFileReference; lastKnownFileType = text.plist.strings; name = "zh-Hant"; path = "zh-Hant.lproj/Main.strings"; sourceTree = "<group>"; };
		18DFC5EE1FAE3CAD005B7FC6 /* LICENSE */ = {isa = PBXFileReference; fileEncoding = 4; lastKnownFileType = text; name = LICENSE; path = ../../LICENSE; sourceTree = "<group>"; };
		18DFC5EF1FAE3CAD005B7FC6 /* README.md */ = {isa = PBXFileReference; fileEncoding = 4; lastKnownFileType = net.daringfireball.markdown; name = README.md; path = ../../README.md; sourceTree = "<group>"; };
		18DFC5F01FAE3CAD005B7FC6 /* UuusKit.podspec */ = {isa = PBXFileReference; fileEncoding = 4; lastKnownFileType = text; name = UuusKit.podspec; path = ../../UuusKit.podspec; sourceTree = "<group>"; };
		30C664546E8DA20F957939FE /* Pods-ExampleUITests.debug.xcconfig */ = {isa = PBXFileReference; includeInIndex = 1; lastKnownFileType = text.xcconfig; name = "Pods-ExampleUITests.debug.xcconfig"; path = "Pods/Target Support Files/Pods-ExampleUITests/Pods-ExampleUITests.debug.xcconfig"; sourceTree = "<group>"; };
		523856E8203596A48DE22505 /* Pods_Example.framework */ = {isa = PBXFileReference; explicitFileType = wrapper.framework; includeInIndex = 0; path = Pods_Example.framework; sourceTree = BUILT_PRODUCTS_DIR; };
		6436242D4B7CFEEF4CF78FC2 /* Pods_ExampleTests.framework */ = {isa = PBXFileReference; explicitFileType = wrapper.framework; includeInIndex = 0; path = Pods_ExampleTests.framework; sourceTree = BUILT_PRODUCTS_DIR; };
		7C06B36837300F13F758F2CF /* Pods-ExampleTests.release.xcconfig */ = {isa = PBXFileReference; includeInIndex = 1; lastKnownFileType = text.xcconfig; name = "Pods-ExampleTests.release.xcconfig"; path = "Pods/Target Support Files/Pods-ExampleTests/Pods-ExampleTests.release.xcconfig"; sourceTree = "<group>"; };
		7FD0CAEF78E4B92C113BB2FA /* Pods-ExampleTests.debug.xcconfig */ = {isa = PBXFileReference; includeInIndex = 1; lastKnownFileType = text.xcconfig; name = "Pods-ExampleTests.debug.xcconfig"; path = "Pods/Target Support Files/Pods-ExampleTests/Pods-ExampleTests.debug.xcconfig"; sourceTree = "<group>"; };
		BEB81A10817076644D3198D5 /* Pods-Example.release.xcconfig */ = {isa = PBXFileReference; includeInIndex = 1; lastKnownFileType = text.xcconfig; name = "Pods-Example.release.xcconfig"; path = "Pods/Target Support Files/Pods-Example/Pods-Example.release.xcconfig"; sourceTree = "<group>"; };
		D226975F1EF3F5A28C3568FA /* Pods-ExampleUITests.release.xcconfig */ = {isa = PBXFileReference; includeInIndex = 1; lastKnownFileType = text.xcconfig; name = "Pods-ExampleUITests.release.xcconfig"; path = "Pods/Target Support Files/Pods-ExampleUITests/Pods-ExampleUITests.release.xcconfig"; sourceTree = "<group>"; };
		D596B61668250CE80B7CD8DF /* Pods-Example.debug.xcconfig */ = {isa = PBXFileReference; includeInIndex = 1; lastKnownFileType = text.xcconfig; name = "Pods-Example.debug.xcconfig"; path = "Pods/Target Support Files/Pods-Example/Pods-Example.debug.xcconfig"; sourceTree = "<group>"; };
/* End PBXFileReference section */

/* Begin PBXFrameworksBuildPhase section */
		180A94D91F97AA8600AB0D07 /* Frameworks */ = {
			isa = PBXFrameworksBuildPhase;
			buildActionMask = 2147483647;
			files = (
				32A1E9893B8D669AC4B60990 /* Pods_Example.framework in Frameworks */,
			);
			runOnlyForDeploymentPostprocessing = 0;
		};
		180A94ED1F97AA8600AB0D07 /* Frameworks */ = {
			isa = PBXFrameworksBuildPhase;
			buildActionMask = 2147483647;
			files = (
				A4785D96213369C13B270DF0 /* Pods_ExampleTests.framework in Frameworks */,
			);
			runOnlyForDeploymentPostprocessing = 0;
		};
		180A94F81F97AA8600AB0D07 /* Frameworks */ = {
			isa = PBXFrameworksBuildPhase;
			buildActionMask = 2147483647;
			files = (
				D71937438BD165E510F2269C /* Pods_ExampleUITests.framework in Frameworks */,
			);
			runOnlyForDeploymentPostprocessing = 0;
		};
/* End PBXFrameworksBuildPhase section */

/* Begin PBXGroup section */
		180A94D31F97AA8600AB0D07 = {
			isa = PBXGroup;
			children = (
				180A94DE1F97AA8600AB0D07 /* Example */,
				180A94F31F97AA8600AB0D07 /* ExampleTests */,
				180A94FE1F97AA8600AB0D07 /* ExampleUITests */,
				2C406151BC46BC6495F4366F /* Frameworks */,
				7515E46779E2DF98F7B58FF2 /* Pods */,
				180A94DD1F97AA8600AB0D07 /* Products */,
			);
			sourceTree = "<group>";
		};
		180A94DD1F97AA8600AB0D07 /* Products */ = {
			isa = PBXGroup;
			children = (
				180A94DC1F97AA8600AB0D07 /* Example.app */,
				180A94F01F97AA8600AB0D07 /* ExampleTests.xctest */,
				180A94FB1F97AA8600AB0D07 /* ExampleUITests.xctest */,
			);
			name = Products;
			sourceTree = "<group>";
		};
		180A94DE1F97AA8600AB0D07 /* Example */ = {
			isa = PBXGroup;
			children = (
				180A94DF1F97AA8600AB0D07 /* AppDelegate.swift */,
				180A94E61F97AA8600AB0D07 /* Assets.xcassets */,
				180A94EB1F97AA8600AB0D07 /* Info.plist */,
				180A94E81F97AA8600AB0D07 /* LaunchScreen.storyboard */,
				18DFC5EE1FAE3CAD005B7FC6 /* LICENSE */,
				180A94E31F97AA8600AB0D07 /* Main.storyboard */,
				18DFC5EF1FAE3CAD005B7FC6 /* README.md */,
				18DFC5F01FAE3CAD005B7FC6 /* UuusKit.podspec */,
				180A94E11F97AA8600AB0D07 /* ViewController.swift */,
			);
			path = Example;
			sourceTree = "<group>";
		};
		180A94F31F97AA8600AB0D07 /* ExampleTests */ = {
			isa = PBXGroup;
			children = (
				180A94F41F97AA8600AB0D07 /* ExampleTests.swift */,
				180A94F61F97AA8600AB0D07 /* Info.plist */,
			);
			path = ExampleTests;
			sourceTree = "<group>";
		};
		180A94FE1F97AA8600AB0D07 /* ExampleUITests */ = {
			isa = PBXGroup;
			children = (
				180A94FF1F97AA8600AB0D07 /* ExampleUITests.swift */,
				180A95011F97AA8600AB0D07 /* Info.plist */,
			);
			path = ExampleUITests;
			sourceTree = "<group>";
		};
		2C406151BC46BC6495F4366F /* Frameworks */ = {
			isa = PBXGroup;
			children = (
				523856E8203596A48DE22505 /* Pods_Example.framework */,
				6436242D4B7CFEEF4CF78FC2 /* Pods_ExampleTests.framework */,
				104A5EF5291800CBCD2BE9C7 /* Pods_ExampleUITests.framework */,
			);
			name = Frameworks;
			sourceTree = "<group>";
		};
		7515E46779E2DF98F7B58FF2 /* Pods */ = {
			isa = PBXGroup;
			children = (
				D596B61668250CE80B7CD8DF /* Pods-Example.debug.xcconfig */,
				BEB81A10817076644D3198D5 /* Pods-Example.release.xcconfig */,
				7FD0CAEF78E4B92C113BB2FA /* Pods-ExampleTests.debug.xcconfig */,
				7C06B36837300F13F758F2CF /* Pods-ExampleTests.release.xcconfig */,
				30C664546E8DA20F957939FE /* Pods-ExampleUITests.debug.xcconfig */,
				D226975F1EF3F5A28C3568FA /* Pods-ExampleUITests.release.xcconfig */,
			);
			name = Pods;
			sourceTree = "<group>";
		};
/* End PBXGroup section */

/* Begin PBXNativeTarget section */
		180A94DB1F97AA8600AB0D07 /* Example */ = {
			isa = PBXNativeTarget;
			buildConfigurationList = 180A95041F97AA8600AB0D07 /* Build configuration list for PBXNativeTarget "Example" */;
			buildPhases = (
				E8B5D1C98B208C6273B4B981 /* [CP] Check Pods Manifest.lock */,
				180A94D81F97AA8600AB0D07 /* Sources */,
				180A94D91F97AA8600AB0D07 /* Frameworks */,
				180A94DA1F97AA8600AB0D07 /* Resources */,
				F67D8C8C4186501F76CFCAE4 /* [CP] Embed Pods Frameworks */,
				B0BEF0E824D5F65AD9E08D50 /* [CP] Copy Pods Resources */,
				18EF3CFE1FB848CF008F6809 /* ShellScript */,
			);
			buildRules = (
			);
			dependencies = (
			);
			name = Example;
			productName = Example;
			productReference = 180A94DC1F97AA8600AB0D07 /* Example.app */;
			productType = "com.apple.product-type.application";
		};
		180A94EF1F97AA8600AB0D07 /* ExampleTests */ = {
			isa = PBXNativeTarget;
			buildConfigurationList = 180A95071F97AA8600AB0D07 /* Build configuration list for PBXNativeTarget "ExampleTests" */;
			buildPhases = (
				1C25C339D39D403F309D4E86 /* [CP] Check Pods Manifest.lock */,
				180A94EC1F97AA8600AB0D07 /* Sources */,
				180A94ED1F97AA8600AB0D07 /* Frameworks */,
				180A94EE1F97AA8600AB0D07 /* Resources */,
				4BEC5CB091E490402AEE334C /* [CP] Embed Pods Frameworks */,
				B572E75CE3B1ACD63B4FEE62 /* [CP] Copy Pods Resources */,
			);
			buildRules = (
			);
			dependencies = (
				180A94F21F97AA8600AB0D07 /* PBXTargetDependency */,
			);
			name = ExampleTests;
			productName = ExampleTests;
			productReference = 180A94F01F97AA8600AB0D07 /* ExampleTests.xctest */;
			productType = "com.apple.product-type.bundle.unit-test";
		};
		180A94FA1F97AA8600AB0D07 /* ExampleUITests */ = {
			isa = PBXNativeTarget;
			buildConfigurationList = 180A950A1F97AA8600AB0D07 /* Build configuration list for PBXNativeTarget "ExampleUITests" */;
			buildPhases = (
				F5EB86E2D5A7EB2961C1CFF2 /* [CP] Check Pods Manifest.lock */,
				180A94F71F97AA8600AB0D07 /* Sources */,
				180A94F81F97AA8600AB0D07 /* Frameworks */,
				180A94F91F97AA8600AB0D07 /* Resources */,
				664D668DDBC45B95E0E00312 /* [CP] Embed Pods Frameworks */,
				BC184B52629B76DCCD6BA360 /* [CP] Copy Pods Resources */,
			);
			buildRules = (
			);
			dependencies = (
				180A94FD1F97AA8600AB0D07 /* PBXTargetDependency */,
			);
			name = ExampleUITests;
			productName = ExampleUITests;
			productReference = 180A94FB1F97AA8600AB0D07 /* ExampleUITests.xctest */;
			productType = "com.apple.product-type.bundle.ui-testing";
		};
/* End PBXNativeTarget section */

/* Begin PBXProject section */
		180A94D41F97AA8600AB0D07 /* Project object */ = {
			isa = PBXProject;
			attributes = {
				LastSwiftUpdateCheck = 0900;
				LastUpgradeCheck = 0900;
				ORGANIZATIONNAME = com.uuus;
				TargetAttributes = {
					180A94DB1F97AA8600AB0D07 = {
						CreatedOnToolsVersion = 9.0;
						ProvisioningStyle = Automatic;
					};
					180A94EF1F97AA8600AB0D07 = {
						CreatedOnToolsVersion = 9.0;
						ProvisioningStyle = Automatic;
						TestTargetID = 180A94DB1F97AA8600AB0D07;
					};
					180A94FA1F97AA8600AB0D07 = {
						CreatedOnToolsVersion = 9.0;
						ProvisioningStyle = Automatic;
						TestTargetID = 180A94DB1F97AA8600AB0D07;
					};
				};
			};
			buildConfigurationList = 180A94D71F97AA8600AB0D07 /* Build configuration list for PBXProject "Example" */;
			compatibilityVersion = "Xcode 8.0";
			developmentRegion = en;
			hasScannedForEncodings = 0;
			knownRegions = (
				en,
				Base,
				"zh-Hant",
			);
			mainGroup = 180A94D31F97AA8600AB0D07;
			productRefGroup = 180A94DD1F97AA8600AB0D07 /* Products */;
			projectDirPath = "";
			projectRoot = "";
			targets = (
				180A94DB1F97AA8600AB0D07 /* Example */,
				180A94EF1F97AA8600AB0D07 /* ExampleTests */,
				180A94FA1F97AA8600AB0D07 /* ExampleUITests */,
			);
		};
/* End PBXProject section */

/* Begin PBXResourcesBuildPhase section */
		180A94DA1F97AA8600AB0D07 /* Resources */ = {
			isa = PBXResourcesBuildPhase;
			buildActionMask = 2147483647;
			files = (
				180A94EA1F97AA8600AB0D07 /* LaunchScreen.storyboard in Resources */,
				180A94E71F97AA8600AB0D07 /* Assets.xcassets in Resources */,
				18DFC5F21FAE3CAD005B7FC6 /* README.md in Resources */,
				18DFC5F11FAE3CAD005B7FC6 /* LICENSE in Resources */,
				180A94E51F97AA8600AB0D07 /* Main.storyboard in Resources */,
				18DFC5F31FAE3CAD005B7FC6 /* UuusKit.podspec in Resources */,
			);
			runOnlyForDeploymentPostprocessing = 0;
		};
		180A94EE1F97AA8600AB0D07 /* Resources */ = {
			isa = PBXResourcesBuildPhase;
			buildActionMask = 2147483647;
			files = (
			);
			runOnlyForDeploymentPostprocessing = 0;
		};
		180A94F91F97AA8600AB0D07 /* Resources */ = {
			isa = PBXResourcesBuildPhase;
			buildActionMask = 2147483647;
			files = (
			);
			runOnlyForDeploymentPostprocessing = 0;
		};
/* End PBXResourcesBuildPhase section */

/* Begin PBXShellScriptBuildPhase section */
		18EF3CFE1FB848CF008F6809 /* ShellScript */ = {
			isa = PBXShellScriptBuildPhase;
			buildActionMask = 2147483647;
			files = (
			);
			inputPaths = (
			);
			outputPaths = (
			);
			runOnlyForDeploymentPostprocessing = 0;
			shellPath = /bin/sh;
			shellScript = "\"${PODS_ROOT}/SwiftFormat/CommandLineTool/swiftformat\" \"${SRCROOT}/../UuusKit/\"";
		};
		1C25C339D39D403F309D4E86 /* [CP] Check Pods Manifest.lock */ = {
			isa = PBXShellScriptBuildPhase;
			buildActionMask = 2147483647;
			files = (
			);
			inputPaths = (
				"${PODS_PODFILE_DIR_PATH}/Podfile.lock",
				"${PODS_ROOT}/Manifest.lock",
			);
			name = "[CP] Check Pods Manifest.lock";
			outputPaths = (
				"$(DERIVED_FILE_DIR)/Pods-ExampleTests-checkManifestLockResult.txt",
			);
			runOnlyForDeploymentPostprocessing = 0;
			shellPath = /bin/sh;
			shellScript = "diff \"${PODS_PODFILE_DIR_PATH}/Podfile.lock\" \"${PODS_ROOT}/Manifest.lock\" > /dev/null\nif [ $? != 0 ] ; then\n    # print error to STDERR\n    echo \"error: The sandbox is not in sync with the Podfile.lock. Run 'pod install' or update your CocoaPods installation.\" >&2\n    exit 1\nfi\n# This output is used by Xcode 'outputs' to avoid re-running this script phase.\necho \"SUCCESS\" > \"${SCRIPT_OUTPUT_FILE_0}\"\n";
			showEnvVarsInLog = 0;
		};
		4BEC5CB091E490402AEE334C /* [CP] Embed Pods Frameworks */ = {
			isa = PBXShellScriptBuildPhase;
			buildActionMask = 2147483647;
			files = (
			);
			inputPaths = (
			);
			name = "[CP] Embed Pods Frameworks";
			outputPaths = (
			);
			runOnlyForDeploymentPostprocessing = 0;
			shellPath = /bin/sh;
			shellScript = "\"${SRCROOT}/Pods/Target Support Files/Pods-ExampleTests/Pods-ExampleTests-frameworks.sh\"\n";
			showEnvVarsInLog = 0;
		};
		664D668DDBC45B95E0E00312 /* [CP] Embed Pods Frameworks */ = {
			isa = PBXShellScriptBuildPhase;
			buildActionMask = 2147483647;
			files = (
			);
			inputPaths = (
			);
			name = "[CP] Embed Pods Frameworks";
			outputPaths = (
			);
			runOnlyForDeploymentPostprocessing = 0;
			shellPath = /bin/sh;
			shellScript = "\"${SRCROOT}/Pods/Target Support Files/Pods-ExampleUITests/Pods-ExampleUITests-frameworks.sh\"\n";
			showEnvVarsInLog = 0;
		};
		B0BEF0E824D5F65AD9E08D50 /* [CP] Copy Pods Resources */ = {
			isa = PBXShellScriptBuildPhase;
			buildActionMask = 2147483647;
			files = (
			);
			inputPaths = (
			);
			name = "[CP] Copy Pods Resources";
			outputPaths = (
			);
			runOnlyForDeploymentPostprocessing = 0;
			shellPath = /bin/sh;
			shellScript = "\"${SRCROOT}/Pods/Target Support Files/Pods-Example/Pods-Example-resources.sh\"\n";
			showEnvVarsInLog = 0;
		};
		B572E75CE3B1ACD63B4FEE62 /* [CP] Copy Pods Resources */ = {
			isa = PBXShellScriptBuildPhase;
			buildActionMask = 2147483647;
			files = (
			);
			inputPaths = (
			);
			name = "[CP] Copy Pods Resources";
			outputPaths = (
			);
			runOnlyForDeploymentPostprocessing = 0;
			shellPath = /bin/sh;
			shellScript = "\"${SRCROOT}/Pods/Target Support Files/Pods-ExampleTests/Pods-ExampleTests-resources.sh\"\n";
			showEnvVarsInLog = 0;
		};
		BC184B52629B76DCCD6BA360 /* [CP] Copy Pods Resources */ = {
			isa = PBXShellScriptBuildPhase;
			buildActionMask = 2147483647;
			files = (
			);
			inputPaths = (
			);
			name = "[CP] Copy Pods Resources";
			outputPaths = (
			);
			runOnlyForDeploymentPostprocessing = 0;
			shellPath = /bin/sh;
			shellScript = "\"${SRCROOT}/Pods/Target Support Files/Pods-ExampleUITests/Pods-ExampleUITests-resources.sh\"\n";
			showEnvVarsInLog = 0;
		};
		E8B5D1C98B208C6273B4B981 /* [CP] Check Pods Manifest.lock */ = {
			isa = PBXShellScriptBuildPhase;
			buildActionMask = 2147483647;
			files = (
			);
			inputPaths = (
				"${PODS_PODFILE_DIR_PATH}/Podfile.lock",
				"${PODS_ROOT}/Manifest.lock",
			);
			name = "[CP] Check Pods Manifest.lock";
			outputPaths = (
				"$(DERIVED_FILE_DIR)/Pods-Example-checkManifestLockResult.txt",
			);
			runOnlyForDeploymentPostprocessing = 0;
			shellPath = /bin/sh;
			shellScript = "diff \"${PODS_PODFILE_DIR_PATH}/Podfile.lock\" \"${PODS_ROOT}/Manifest.lock\" > /dev/null\nif [ $? != 0 ] ; then\n    # print error to STDERR\n    echo \"error: The sandbox is not in sync with the Podfile.lock. Run 'pod install' or update your CocoaPods installation.\" >&2\n    exit 1\nfi\n# This output is used by Xcode 'outputs' to avoid re-running this script phase.\necho \"SUCCESS\" > \"${SCRIPT_OUTPUT_FILE_0}\"\n";
			showEnvVarsInLog = 0;
		};
		F5EB86E2D5A7EB2961C1CFF2 /* [CP] Check Pods Manifest.lock */ = {
			isa = PBXShellScriptBuildPhase;
			buildActionMask = 2147483647;
			files = (
			);
			inputPaths = (
				"${PODS_PODFILE_DIR_PATH}/Podfile.lock",
				"${PODS_ROOT}/Manifest.lock",
			);
			name = "[CP] Check Pods Manifest.lock";
			outputPaths = (
				"$(DERIVED_FILE_DIR)/Pods-ExampleUITests-checkManifestLockResult.txt",
			);
			runOnlyForDeploymentPostprocessing = 0;
			shellPath = /bin/sh;
			shellScript = "diff \"${PODS_PODFILE_DIR_PATH}/Podfile.lock\" \"${PODS_ROOT}/Manifest.lock\" > /dev/null\nif [ $? != 0 ] ; then\n    # print error to STDERR\n    echo \"error: The sandbox is not in sync with the Podfile.lock. Run 'pod install' or update your CocoaPods installation.\" >&2\n    exit 1\nfi\n# This output is used by Xcode 'outputs' to avoid re-running this script phase.\necho \"SUCCESS\" > \"${SCRIPT_OUTPUT_FILE_0}\"\n";
			showEnvVarsInLog = 0;
		};
		F67D8C8C4186501F76CFCAE4 /* [CP] Embed Pods Frameworks */ = {
			isa = PBXShellScriptBuildPhase;
			buildActionMask = 2147483647;
			files = (
			);
			inputPaths = (
				"${SRCROOT}/Pods/Target Support Files/Pods-Example/Pods-Example-frameworks.sh",
				"${BUILT_PRODUCTS_DIR}/ALCameraViewController/ALCameraViewController.framework",
				"${BUILT_PRODUCTS_DIR}/Alamofire/Alamofire.framework",
				"${BUILT_PRODUCTS_DIR}/AlamofireImage/AlamofireImage.framework",
				"${BUILT_PRODUCTS_DIR}/CryptoSwift/CryptoSwift.framework",
				"${BUILT_PRODUCTS_DIR}/EVReflection/EVReflection.framework",
				"${BUILT_PRODUCTS_DIR}/KeychainAccess/KeychainAccess.framework",
				"${BUILT_PRODUCTS_DIR}/ObjectMapper/ObjectMapper.framework",
				"${BUILT_PRODUCTS_DIR}/PKHUD/PKHUD.framework",
				"${BUILT_PRODUCTS_DIR}/PullToRefresher/PullToRefresh.framework",
				"${BUILT_PRODUCTS_DIR}/RMUniversalAlert/RMUniversalAlert.framework",
				"${BUILT_PRODUCTS_DIR}/Realm/Realm.framework",
				"${BUILT_PRODUCTS_DIR}/RealmSwift/RealmSwift.framework",
				"${BUILT_PRODUCTS_DIR}/RxCocoa/RxCocoa.framework",
				"${BUILT_PRODUCTS_DIR}/RxSwift/RxSwift.framework",
				"${BUILT_PRODUCTS_DIR}/SnapKit/SnapKit.framework",
				"${BUILT_PRODUCTS_DIR}/UIActionSheet+Blocks/UIActionSheet_Blocks.framework",
				"${BUILT_PRODUCTS_DIR}/UIAlertController+Blocks/UIAlertController_Blocks.framework",
				"${BUILT_PRODUCTS_DIR}/UIAlertView+Blocks/UIAlertView_Blocks.framework",
				"${BUILT_PRODUCTS_DIR}/UuusKit/UuusKit.framework",
			);
			name = "[CP] Embed Pods Frameworks";
			outputPaths = (
				"${TARGET_BUILD_DIR}/${FRAMEWORKS_FOLDER_PATH}/ALCameraViewController.framework",
				"${TARGET_BUILD_DIR}/${FRAMEWORKS_FOLDER_PATH}/Alamofire.framework",
				"${TARGET_BUILD_DIR}/${FRAMEWORKS_FOLDER_PATH}/AlamofireImage.framework",
				"${TARGET_BUILD_DIR}/${FRAMEWORKS_FOLDER_PATH}/CryptoSwift.framework",
				"${TARGET_BUILD_DIR}/${FRAMEWORKS_FOLDER_PATH}/EVReflection.framework",
				"${TARGET_BUILD_DIR}/${FRAMEWORKS_FOLDER_PATH}/KeychainAccess.framework",
				"${TARGET_BUILD_DIR}/${FRAMEWORKS_FOLDER_PATH}/ObjectMapper.framework",
				"${TARGET_BUILD_DIR}/${FRAMEWORKS_FOLDER_PATH}/PKHUD.framework",
				"${TARGET_BUILD_DIR}/${FRAMEWORKS_FOLDER_PATH}/PullToRefresh.framework",
				"${TARGET_BUILD_DIR}/${FRAMEWORKS_FOLDER_PATH}/RMUniversalAlert.framework",
				"${TARGET_BUILD_DIR}/${FRAMEWORKS_FOLDER_PATH}/Realm.framework",
				"${TARGET_BUILD_DIR}/${FRAMEWORKS_FOLDER_PATH}/RealmSwift.framework",
				"${TARGET_BUILD_DIR}/${FRAMEWORKS_FOLDER_PATH}/RxCocoa.framework",
				"${TARGET_BUILD_DIR}/${FRAMEWORKS_FOLDER_PATH}/RxSwift.framework",
				"${TARGET_BUILD_DIR}/${FRAMEWORKS_FOLDER_PATH}/SnapKit.framework",
				"${TARGET_BUILD_DIR}/${FRAMEWORKS_FOLDER_PATH}/UIActionSheet_Blocks.framework",
				"${TARGET_BUILD_DIR}/${FRAMEWORKS_FOLDER_PATH}/UIAlertController_Blocks.framework",
				"${TARGET_BUILD_DIR}/${FRAMEWORKS_FOLDER_PATH}/UIAlertView_Blocks.framework",
				"${TARGET_BUILD_DIR}/${FRAMEWORKS_FOLDER_PATH}/UuusKit.framework",
			);
			runOnlyForDeploymentPostprocessing = 0;
			shellPath = /bin/sh;
			shellScript = "\"${SRCROOT}/Pods/Target Support Files/Pods-Example/Pods-Example-frameworks.sh\"\n";
			showEnvVarsInLog = 0;
		};
/* End PBXShellScriptBuildPhase section */

/* Begin PBXSourcesBuildPhase section */
		180A94D81F97AA8600AB0D07 /* Sources */ = {
			isa = PBXSourcesBuildPhase;
			buildActionMask = 2147483647;
			files = (
				180A94E21F97AA8600AB0D07 /* ViewController.swift in Sources */,
				180A94E01F97AA8600AB0D07 /* AppDelegate.swift in Sources */,
			);
			runOnlyForDeploymentPostprocessing = 0;
		};
		180A94EC1F97AA8600AB0D07 /* Sources */ = {
			isa = PBXSourcesBuildPhase;
			buildActionMask = 2147483647;
			files = (
				180A94F51F97AA8600AB0D07 /* ExampleTests.swift in Sources */,
			);
			runOnlyForDeploymentPostprocessing = 0;
		};
		180A94F71F97AA8600AB0D07 /* Sources */ = {
			isa = PBXSourcesBuildPhase;
			buildActionMask = 2147483647;
			files = (
				180A95001F97AA8600AB0D07 /* ExampleUITests.swift in Sources */,
			);
			runOnlyForDeploymentPostprocessing = 0;
		};
/* End PBXSourcesBuildPhase section */

/* Begin PBXTargetDependency section */
		180A94F21F97AA8600AB0D07 /* PBXTargetDependency */ = {
			isa = PBXTargetDependency;
			target = 180A94DB1F97AA8600AB0D07 /* Example */;
			targetProxy = 180A94F11F97AA8600AB0D07 /* PBXContainerItemProxy */;
		};
		180A94FD1F97AA8600AB0D07 /* PBXTargetDependency */ = {
			isa = PBXTargetDependency;
			target = 180A94DB1F97AA8600AB0D07 /* Example */;
			targetProxy = 180A94FC1F97AA8600AB0D07 /* PBXContainerItemProxy */;
		};
/* End PBXTargetDependency section */

/* Begin PBXVariantGroup section */
		180A94E31F97AA8600AB0D07 /* Main.storyboard */ = {
			isa = PBXVariantGroup;
			children = (
				180A94E41F97AA8600AB0D07 /* Base */,
				180A950E1F97AC5200AB0D07 /* zh-Hans */,
				180A95101F97AC5800AB0D07 /* zh-Hant */,
			);
			name = Main.storyboard;
			sourceTree = "<group>";
		};
		180A94E81F97AA8600AB0D07 /* LaunchScreen.storyboard */ = {
			isa = PBXVariantGroup;
			children = (
				180A94E91F97AA8600AB0D07 /* Base */,
				180A950D1F97AC5200AB0D07 /* zh-Hans */,
				180A950F1F97AC5800AB0D07 /* zh-Hant */,
			);
			name = LaunchScreen.storyboard;
			sourceTree = "<group>";
		};
/* End PBXVariantGroup section */

/* Begin XCBuildConfiguration section */
		180A95021F97AA8600AB0D07 /* Debug */ = {
			isa = XCBuildConfiguration;
			buildSettings = {
				ALWAYS_SEARCH_USER_PATHS = NO;
				CLANG_ANALYZER_LOCALIZABILITY_NONLOCALIZED = YES;
				CLANG_ANALYZER_NONNULL = YES;
				CLANG_ANALYZER_NUMBER_OBJECT_CONVERSION = YES_AGGRESSIVE;
				CLANG_CXX_LANGUAGE_STANDARD = "gnu++14";
				CLANG_CXX_LIBRARY = "libc++";
				CLANG_ENABLE_MODULES = YES;
				CLANG_ENABLE_OBJC_ARC = YES;
				CLANG_WARN_BLOCK_CAPTURE_AUTORELEASING = YES;
				CLANG_WARN_BOOL_CONVERSION = YES;
				CLANG_WARN_COMMA = YES;
				CLANG_WARN_CONSTANT_CONVERSION = YES;
				CLANG_WARN_DIRECT_OBJC_ISA_USAGE = YES_ERROR;
				CLANG_WARN_DOCUMENTATION_COMMENTS = YES;
				CLANG_WARN_EMPTY_BODY = YES;
				CLANG_WARN_ENUM_CONVERSION = YES;
				CLANG_WARN_INFINITE_RECURSION = YES;
				CLANG_WARN_INT_CONVERSION = YES;
				CLANG_WARN_NON_LITERAL_NULL_CONVERSION = YES;
				CLANG_WARN_OBJC_LITERAL_CONVERSION = YES;
				CLANG_WARN_OBJC_ROOT_CLASS = YES_ERROR;
				CLANG_WARN_RANGE_LOOP_ANALYSIS = YES;
				CLANG_WARN_STRICT_PROTOTYPES = YES;
				CLANG_WARN_SUSPICIOUS_MOVE = YES;
				CLANG_WARN_UNGUARDED_AVAILABILITY = YES_AGGRESSIVE;
				CLANG_WARN_UNREACHABLE_CODE = YES;
				CLANG_WARN__DUPLICATE_METHOD_MATCH = YES;
				CODE_SIGN_IDENTITY = "iPhone Developer";
				COPY_PHASE_STRIP = NO;
				DEBUG_INFORMATION_FORMAT = dwarf;
				ENABLE_STRICT_OBJC_MSGSEND = YES;
				ENABLE_TESTABILITY = YES;
				GCC_C_LANGUAGE_STANDARD = gnu11;
				GCC_DYNAMIC_NO_PIC = NO;
				GCC_NO_COMMON_BLOCKS = YES;
				GCC_OPTIMIZATION_LEVEL = 0;
				GCC_PREPROCESSOR_DEFINITIONS = (
					"DEBUG=1",
					"$(inherited)",
				);
				GCC_WARN_64_TO_32_BIT_CONVERSION = YES;
				GCC_WARN_ABOUT_RETURN_TYPE = YES_ERROR;
				GCC_WARN_UNDECLARED_SELECTOR = YES;
				GCC_WARN_UNINITIALIZED_AUTOS = YES_AGGRESSIVE;
				GCC_WARN_UNUSED_FUNCTION = YES;
				GCC_WARN_UNUSED_VARIABLE = YES;
				IPHONEOS_DEPLOYMENT_TARGET = 9.0;
				MTL_ENABLE_DEBUG_INFO = YES;
				ONLY_ACTIVE_ARCH = YES;
				SDKROOT = iphoneos;
				SWIFT_ACTIVE_COMPILATION_CONDITIONS = DEBUG;
				SWIFT_OPTIMIZATION_LEVEL = "-Onone";
			};
			name = Debug;
		};
		180A95031F97AA8600AB0D07 /* Release */ = {
			isa = XCBuildConfiguration;
			buildSettings = {
				ALWAYS_SEARCH_USER_PATHS = NO;
				CLANG_ANALYZER_LOCALIZABILITY_NONLOCALIZED = YES;
				CLANG_ANALYZER_NONNULL = YES;
				CLANG_ANALYZER_NUMBER_OBJECT_CONVERSION = YES_AGGRESSIVE;
				CLANG_CXX_LANGUAGE_STANDARD = "gnu++14";
				CLANG_CXX_LIBRARY = "libc++";
				CLANG_ENABLE_MODULES = YES;
				CLANG_ENABLE_OBJC_ARC = YES;
				CLANG_WARN_BLOCK_CAPTURE_AUTORELEASING = YES;
				CLANG_WARN_BOOL_CONVERSION = YES;
				CLANG_WARN_COMMA = YES;
				CLANG_WARN_CONSTANT_CONVERSION = YES;
				CLANG_WARN_DIRECT_OBJC_ISA_USAGE = YES_ERROR;
				CLANG_WARN_DOCUMENTATION_COMMENTS = YES;
				CLANG_WARN_EMPTY_BODY = YES;
				CLANG_WARN_ENUM_CONVERSION = YES;
				CLANG_WARN_INFINITE_RECURSION = YES;
				CLANG_WARN_INT_CONVERSION = YES;
				CLANG_WARN_NON_LITERAL_NULL_CONVERSION = YES;
				CLANG_WARN_OBJC_LITERAL_CONVERSION = YES;
				CLANG_WARN_OBJC_ROOT_CLASS = YES_ERROR;
				CLANG_WARN_RANGE_LOOP_ANALYSIS = YES;
				CLANG_WARN_STRICT_PROTOTYPES = YES;
				CLANG_WARN_SUSPICIOUS_MOVE = YES;
				CLANG_WARN_UNGUARDED_AVAILABILITY = YES_AGGRESSIVE;
				CLANG_WARN_UNREACHABLE_CODE = YES;
				CLANG_WARN__DUPLICATE_METHOD_MATCH = YES;
				CODE_SIGN_IDENTITY = "iPhone Developer";
				COPY_PHASE_STRIP = NO;
				DEBUG_INFORMATION_FORMAT = "dwarf-with-dsym";
				ENABLE_NS_ASSERTIONS = NO;
				ENABLE_STRICT_OBJC_MSGSEND = YES;
				GCC_C_LANGUAGE_STANDARD = gnu11;
				GCC_NO_COMMON_BLOCKS = YES;
				GCC_WARN_64_TO_32_BIT_CONVERSION = YES;
				GCC_WARN_ABOUT_RETURN_TYPE = YES_ERROR;
				GCC_WARN_UNDECLARED_SELECTOR = YES;
				GCC_WARN_UNINITIALIZED_AUTOS = YES_AGGRESSIVE;
				GCC_WARN_UNUSED_FUNCTION = YES;
				GCC_WARN_UNUSED_VARIABLE = YES;
				IPHONEOS_DEPLOYMENT_TARGET = 9.0;
				MTL_ENABLE_DEBUG_INFO = NO;
				SDKROOT = iphoneos;
				SWIFT_OPTIMIZATION_LEVEL = "-Owholemodule";
				VALIDATE_PRODUCT = YES;
			};
			name = Release;
		};
		180A95051F97AA8600AB0D07 /* Debug */ = {
			isa = XCBuildConfiguration;
			baseConfigurationReference = D596B61668250CE80B7CD8DF /* Pods-Example.debug.xcconfig */;
			buildSettings = {
				ASSETCATALOG_COMPILER_APPICON_NAME = AppIcon;
				CODE_SIGN_STYLE = Automatic;
				DEVELOPMENT_TEAM = 982E96WCZF;
				INFOPLIST_FILE = Example/Info.plist;
				LD_RUNPATH_SEARCH_PATHS = "$(inherited) @executable_path/Frameworks";
				PRODUCT_BUNDLE_IDENTIFIER = com.uuus.Example;
				PRODUCT_NAME = "$(TARGET_NAME)";
				SWIFT_VERSION = 4.0;
				TARGETED_DEVICE_FAMILY = "1,2";
			};
			name = Debug;
		};
		180A95061F97AA8600AB0D07 /* Release */ = {
			isa = XCBuildConfiguration;
			baseConfigurationReference = BEB81A10817076644D3198D5 /* Pods-Example.release.xcconfig */;
			buildSettings = {
				ASSETCATALOG_COMPILER_APPICON_NAME = AppIcon;
				CODE_SIGN_STYLE = Automatic;
				DEVELOPMENT_TEAM = 982E96WCZF;
				INFOPLIST_FILE = Example/Info.plist;
				LD_RUNPATH_SEARCH_PATHS = "$(inherited) @executable_path/Frameworks";
				PRODUCT_BUNDLE_IDENTIFIER = com.uuus.Example;
				PRODUCT_NAME = "$(TARGET_NAME)";
				SWIFT_VERSION = 4.0;
				TARGETED_DEVICE_FAMILY = "1,2";
			};
			name = Release;
		};
		180A95081F97AA8600AB0D07 /* Debug */ = {
			isa = XCBuildConfiguration;
			baseConfigurationReference = 7FD0CAEF78E4B92C113BB2FA /* Pods-ExampleTests.debug.xcconfig */;
			buildSettings = {
				ALWAYS_EMBED_SWIFT_STANDARD_LIBRARIES = YES;
				BUNDLE_LOADER = "$(TEST_HOST)";
				CODE_SIGN_STYLE = Automatic;
				DEVELOPMENT_TEAM = 982E96WCZF;
				INFOPLIST_FILE = ExampleTests/Info.plist;
				LD_RUNPATH_SEARCH_PATHS = "$(inherited) @executable_path/Frameworks @loader_path/Frameworks";
				PRODUCT_BUNDLE_IDENTIFIER = com.uuus.ExampleTests;
				PRODUCT_NAME = "$(TARGET_NAME)";
				SWIFT_VERSION = 4.0;
				TARGETED_DEVICE_FAMILY = "1,2";
				TEST_HOST = "$(BUILT_PRODUCTS_DIR)/Example.app/Example";
			};
			name = Debug;
		};
		180A95091F97AA8600AB0D07 /* Release */ = {
			isa = XCBuildConfiguration;
			baseConfigurationReference = 7C06B36837300F13F758F2CF /* Pods-ExampleTests.release.xcconfig */;
			buildSettings = {
				ALWAYS_EMBED_SWIFT_STANDARD_LIBRARIES = YES;
				BUNDLE_LOADER = "$(TEST_HOST)";
				CODE_SIGN_STYLE = Automatic;
				DEVELOPMENT_TEAM = 982E96WCZF;
				INFOPLIST_FILE = ExampleTests/Info.plist;
				LD_RUNPATH_SEARCH_PATHS = "$(inherited) @executable_path/Frameworks @loader_path/Frameworks";
				PRODUCT_BUNDLE_IDENTIFIER = com.uuus.ExampleTests;
				PRODUCT_NAME = "$(TARGET_NAME)";
				SWIFT_VERSION = 4.0;
				TARGETED_DEVICE_FAMILY = "1,2";
				TEST_HOST = "$(BUILT_PRODUCTS_DIR)/Example.app/Example";
			};
			name = Release;
		};
		180A950B1F97AA8600AB0D07 /* Debug */ = {
			isa = XCBuildConfiguration;
			baseConfigurationReference = 30C664546E8DA20F957939FE /* Pods-ExampleUITests.debug.xcconfig */;
			buildSettings = {
				ALWAYS_EMBED_SWIFT_STANDARD_LIBRARIES = YES;
				CODE_SIGN_STYLE = Automatic;
				DEVELOPMENT_TEAM = 982E96WCZF;
				INFOPLIST_FILE = ExampleUITests/Info.plist;
				LD_RUNPATH_SEARCH_PATHS = "$(inherited) @executable_path/Frameworks @loader_path/Frameworks";
				PRODUCT_BUNDLE_IDENTIFIER = com.uuus.ExampleUITests;
				PRODUCT_NAME = "$(TARGET_NAME)";
				SWIFT_VERSION = 4.0;
				TARGETED_DEVICE_FAMILY = "1,2";
				TEST_TARGET_NAME = Example;
			};
			name = Debug;
		};
		180A950C1F97AA8600AB0D07 /* Release */ = {
			isa = XCBuildConfiguration;
			baseConfigurationReference = D226975F1EF3F5A28C3568FA /* Pods-ExampleUITests.release.xcconfig */;
			buildSettings = {
				ALWAYS_EMBED_SWIFT_STANDARD_LIBRARIES = YES;
				CODE_SIGN_STYLE = Automatic;
				DEVELOPMENT_TEAM = 982E96WCZF;
				INFOPLIST_FILE = ExampleUITests/Info.plist;
				LD_RUNPATH_SEARCH_PATHS = "$(inherited) @executable_path/Frameworks @loader_path/Frameworks";
				PRODUCT_BUNDLE_IDENTIFIER = com.uuus.ExampleUITests;
				PRODUCT_NAME = "$(TARGET_NAME)";
				SWIFT_VERSION = 4.0;
				TARGETED_DEVICE_FAMILY = "1,2";
				TEST_TARGET_NAME = Example;
			};
			name = Release;
		};
/* End XCBuildConfiguration section */

/* Begin XCConfigurationList section */
		180A94D71F97AA8600AB0D07 /* Build configuration list for PBXProject "Example" */ = {
			isa = XCConfigurationList;
			buildConfigurations = (
				180A95021F97AA8600AB0D07 /* Debug */,
				180A95031F97AA8600AB0D07 /* Release */,
			);
			defaultConfigurationIsVisible = 0;
			defaultConfigurationName = Release;
		};
		180A95041F97AA8600AB0D07 /* Build configuration list for PBXNativeTarget "Example" */ = {
			isa = XCConfigurationList;
			buildConfigurations = (
				180A95051F97AA8600AB0D07 /* Debug */,
				180A95061F97AA8600AB0D07 /* Release */,
			);
			defaultConfigurationIsVisible = 0;
			defaultConfigurationName = Release;
		};
		180A95071F97AA8600AB0D07 /* Build configuration list for PBXNativeTarget "ExampleTests" */ = {
			isa = XCConfigurationList;
			buildConfigurations = (
				180A95081F97AA8600AB0D07 /* Debug */,
				180A95091F97AA8600AB0D07 /* Release */,
			);
			defaultConfigurationIsVisible = 0;
			defaultConfigurationName = Release;
		};
		180A950A1F97AA8600AB0D07 /* Build configuration list for PBXNativeTarget "ExampleUITests" */ = {
			isa = XCConfigurationList;
			buildConfigurations = (
				180A950B1F97AA8600AB0D07 /* Debug */,
				180A950C1F97AA8600AB0D07 /* Release */,
			);
			defaultConfigurationIsVisible = 0;
			defaultConfigurationName = Release;
		};
/* End XCConfigurationList section */
	};
	rootObject = 180A94D41F97AA8600AB0D07 /* Project object */;
}
